# THIS IS AN AUTOGENERATED FILE. DO NOT EDIT THIS FILE DIRECTLY.
# yarn lockfile v1


loadsh@^0.0.3:
  version "0.0.3"
  resolved "https://registry.yarnpkg.com/loadsh/-/loadsh-0.0.3.tgz#ddd567c7820be2dca94472697c2a1a7e6144c230"

lodash@^4.17.11:
  version "4.17.11"
  resolved "https://registry.yarnpkg.com/lodash/-/lodash-4.17.11.tgz#b39ea6229ef607ecd89e2c8df12536891cac9b8d"
